
Microsoft Visual Studio Solution File, Format Version 12.00
# Visual Studio Version 16
VisualStudioVersion = 16.0.30517.126
MinimumVisualStudioVersion = 10.0.40219.1
Project("{FAE04EC0-301F-11D3-BF4B-00C04F79EFBC}") = "TypingHelper", "TypingHelper\TypingHelper.csproj", "{F29F70BB-9457-45DC-A033-FFC3EDCDA519}"
EndProject
Global
	GlobalSection(SolutionConfigurationPlatforms) = preSolution
		Debug|Any CPU = Debug|Any CPU
		Release|Any CPU = Release|Any CPU
	EndGlobalSection
	GlobalSection(ProjectConfigurationPlatforms) = postSolution
		{F29F70BB-9457-45DC-A033-FFC3EDCDA519}.Debug|Any CPU.ActiveCfg = Debug|Any CPU
		{F29F70BB-9457-45DC-A033-FFC3EDCDA519}.Debug|Any CPU.Build.0 = Debug|Any CPU
		{F29F70BB-9457-45DC-A033-FFC3EDCDA519}.Release|Any CPU.ActiveCfg = Release|Any CPU
		{F29F70BB-9457-45DC-A033-FFC3EDCDA519}.Release|Any CPU.Build.0 = Release|Any CPU
	EndGlobalSection
	GlobalSection(SolutionProperties) = preSolution
		HideSolutionNode = FALSE
	EndGlobalSection
	GlobalSection(ExtensibilityGlobals) = postSolution
		SolutionGuid = {393E9DD5-6C01-4367-8CA7-30572C13F4EF}
	EndGlobalSection
EndGlobal
